// !$*UTF8*$!
{
	archiveVersion = 1;
	classes = {
	};
	objectVersion = 54;
	objects = {

/* Begin PBXBuildFile section */
		0C80B921A6F3F58F76C31292 /* libPods-skyborne.a in Frameworks */ = {isa = PBXBuildFile; fileRef = 5DCACB8F33CDC322A6C60F78 /* libPods-skyborne.a */; };
		13B07FBF1A68108700A75B9A /* Images.xcassets in Resources */ = {isa = PBXBuildFile; fileRef = 13B07FB51A68108700A75B9A /* Images.xcassets */; };
		761780ED2CA45674006654EE /* AppDelegate.swift in Sources */ = {isa = PBXBuildFile; fileRef = 761780EC2CA45674006654EE /* AppDelegate.swift */; };
		81AB9BB82411601600AC10FF /* LaunchScreen.storyboard in Resources */ = {isa = PBXBuildFile; fileRef = 81AB9BB72411601600AC10FF /* LaunchScreen.storyboard */; };
		AFC2211ABAA040B5A257AB48 /* Satoshi-Variable.ttf in Resources */ = {isa = PBXBuildFile; fileRef = 4309350F53B04DB5AAD5E04E /* Satoshi-Variable.ttf */; };
		905A2EC6E584455DB5825D13 /* Satoshi-Regular.ttf in Resources */ = {isa = PBXBuildFile; fileRef = F65576DF5F7647B49A3A3A8C /* Satoshi-Regular.ttf */; };
		A19E9EB855A540AC8BCE210C /* Satoshi-Medium.ttf in Resources */ = {isa = PBXBuildFile; fileRef = 765D4C422C1D490F882C4957 /* Satoshi-Medium.ttf */; };
		4C039696A2BF4F4298ACF755 /* Satoshi-Light.ttf in Resources */ = {isa = PBXBuildFile; fileRef = 952BFAFE0A484E2C8DC4DFDA /* Satoshi-Light.ttf */; };
		7FD5DB5118D3450588AD1E0E /* Satoshi-Bold.ttf in Resources */ = {isa = PBXBuildFile; fileRef = 55C5F5C60D344AB8B97D4E76 /* Satoshi-Bold.ttf */; };
		F342A16749844A958C72D176 /* Satoshi-Black.ttf in Resources */ = {isa = PBXBuildFile; fileRef = 7F08AB528BEA40E29175D6CD /* Satoshi-Black.ttf */; };
		26773D888B204FF68E6755D5 /* Satoshi-Italic.ttf in Resources */ = {isa = PBXBuildFile; fileRef = 8B0755C199DD4E42A49439EB /* Satoshi-Italic.ttf */; };
		222B4D7551CA451F9CE19A95 /* Satoshi-Bold.woff in Resources */ = {isa = PBXBuildFile; fileRef = 65892CEC566B4271AD4C1546 /* Satoshi-Bold.woff */; };
		F6D9F6CF3D5049109C6FF55B /* Satoshi-Italic.woff in Resources */ = {isa = PBXBuildFile; fileRef = DD077C78FD064EA4B838A6BB /* Satoshi-Italic.woff */; };
		5A563B37AA3540D787FFA241 /* Satoshi-Light.woff in Resources */ = {isa = PBXBuildFile; fileRef = EA7D4F6520B9447A9C462665 /* Satoshi-Light.woff */; };
		00619DD4FF874D07820D2830 /* Satoshi-Bold.woff2 in Resources */ = {isa = PBXBuildFile; fileRef = 89366BB98096464AA57CEEA2 /* Satoshi-Bold.woff2 */; };
		7B3E934827BF4C039E065A4E /* Satoshi-Black.woff2 in Resources */ = {isa = PBXBuildFile; fileRef = C249ECC53AF34BAE9F3026B9 /* Satoshi-Black.woff2 */; };
		4E76245E5890462CA98A5DC9 /* Satoshi-Italic.woff2 in Resources */ = {isa = PBXBuildFile; fileRef = 41A4B4B68DE54A03B7622D8A /* Satoshi-Italic.woff2 */; };
		0900A96127904C279D49EEA7 /* Satoshi-Light.woff2 in Resources */ = {isa = PBXBuildFile; fileRef = 67A89295E6E947F490EA36A5 /* Satoshi-Light.woff2 */; };
		3AAAB92A5E0F46529A261B2F /* Satoshi-Medium.woff2 in Resources */ = {isa = PBXBuildFile; fileRef = D498DD1D407A4102B8C2B1EE /* Satoshi-Medium.woff2 */; };
		1A8B3EF5C00E4AD5BB217999 /* Satoshi-Variable.woff in Resources */ = {isa = PBXBuildFile; fileRef = 7E652A2A343E4F85A709F1FE /* Satoshi-Variable.woff */; };
		1E78531624974130976F52B0 /* Satoshi-Regular.woff2 in Resources */ = {isa = PBXBuildFile; fileRef = 1AB12B0683D5452090836AE5 /* Satoshi-Regular.woff2 */; };
		FA49C6DC9DFE4E14A13196AB /* Satoshi-Black.woff in Resources */ = {isa = PBXBuildFile; fileRef = D789A952012B496899150E7F /* Satoshi-Black.woff */; };
		C6DCCC3E38324AE188A72D05 /* Satoshi-Variable.woff2 in Resources */ = {isa = PBXBuildFile; fileRef = 73E4AE1ED70F4EFA9B4B0A1C /* Satoshi-Variable.woff2 */; };
		58C993B2B5EB499A9AE2FC69 /* Satoshi-Regular.woff in Resources */ = {isa = PBXBuildFile; fileRef = F97239B33A714D6AA2FD5172 /* Satoshi-Regular.woff */; };
		4F717A53DC314E37BA4B6093 /* Satoshi-Medium.woff in Resources */ = {isa = PBXBuildFile; fileRef = 605E8543CBF1400AA295C710 /* Satoshi-Medium.woff */; };
/* End PBXBuildFile section */

/* Begin PBXFileReference section */
		13B07F961A680F5B00A75B9A /* skyborne.app */ = {isa = PBXFileReference; explicitFileType = wrapper.application; includeInIndex = 0; path = skyborne.app; sourceTree = BUILT_PRODUCTS_DIR; };
		13B07FB51A68108700A75B9A /* Images.xcassets */ = {isa = PBXFileReference; lastKnownFileType = folder.assetcatalog; name = Images.xcassets; path = skyborne/Images.xcassets; sourceTree = "<group>"; };
		13B07FB61A68108700A75B9A /* Info.plist */ = {isa = PBXFileReference; fileEncoding = 4; lastKnownFileType = text.plist.xml; name = Info.plist; path = skyborne/Info.plist; sourceTree = "<group>"; };
		13B07FB81A68108700A75B9A /* PrivacyInfo.xcprivacy */ = {isa = PBXFileReference; fileEncoding = 4; lastKnownFileType = text.plist.xml; name = PrivacyInfo.xcprivacy; path = skyborne/PrivacyInfo.xcprivacy; sourceTree = "<group>"; };
		3B4392A12AC88292D35C810B /* Pods-skyborne.debug.xcconfig */ = {isa = PBXFileReference; includeInIndex = 1; lastKnownFileType = text.xcconfig; name = "Pods-skyborne.debug.xcconfig"; path = "Target Support Files/Pods-skyborne/Pods-skyborne.debug.xcconfig"; sourceTree = "<group>"; };
		5709B34CF0A7D63546082F79 /* Pods-skyborne.release.xcconfig */ = {isa = PBXFileReference; includeInIndex = 1; lastKnownFileType = text.xcconfig; name = "Pods-skyborne.release.xcconfig"; path = "Target Support Files/Pods-skyborne/Pods-skyborne.release.xcconfig"; sourceTree = "<group>"; };
		5DCACB8F33CDC322A6C60F78 /* libPods-skyborne.a */ = {isa = PBXFileReference; explicitFileType = archive.ar; includeInIndex = 0; path = "libPods-skyborne.a"; sourceTree = BUILT_PRODUCTS_DIR; };
		761780EC2CA45674006654EE /* AppDelegate.swift */ = {isa = PBXFileReference; lastKnownFileType = sourcecode.swift; name = AppDelegate.swift; path = skyborne/AppDelegate.swift; sourceTree = "<group>"; };
		81AB9BB72411601600AC10FF /* LaunchScreen.storyboard */ = {isa = PBXFileReference; fileEncoding = 4; lastKnownFileType = file.storyboard; name = LaunchScreen.storyboard; path = skyborne/LaunchScreen.storyboard; sourceTree = "<group>"; };
		ED297162215061F000B7C4FE /* JavaScriptCore.framework */ = {isa = PBXFileReference; lastKnownFileType = wrapper.framework; name = JavaScriptCore.framework; path = System/Library/Frameworks/JavaScriptCore.framework; sourceTree = SDKROOT; };
		4309350F53B04DB5AAD5E04E /* Satoshi-Variable.ttf */ = {isa = PBXFileReference; name = "Satoshi-Variable.ttf"; path = "../src/assets/fonts/Satoshi-Variable.ttf"; sourceTree = "<group>"; fileEncoding = undefined; lastKnownFileType = unknown; explicitFileType = undefined; includeInIndex = 0; };
		F65576DF5F7647B49A3A3A8C /* Satoshi-Regular.ttf */ = {isa = PBXFileReference; name = "Satoshi-Regular.ttf"; path = "../src/assets/fonts/Satoshi-Regular.ttf"; sourceTree = "<group>"; fileEncoding = undefined; lastKnownFileType = unknown; explicitFileType = undefined; includeInIndex = 0; };
		765D4C422C1D490F882C4957 /* Satoshi-Medium.ttf */ = {isa = PBXFileReference; name = "Satoshi-Medium.ttf"; path = "../src/assets/fonts/Satoshi-Medium.ttf"; sourceTree = "<group>"; fileEncoding = undefined; lastKnownFileType = unknown; explicitFileType = undefined; includeInIndex = 0; };
		952BFAFE0A484E2C8DC4DFDA /* Satoshi-Light.ttf */ = {isa = PBXFileReference; name = "Satoshi-Light.ttf"; path = "../src/assets/fonts/Satoshi-Light.ttf"; sourceTree = "<group>"; fileEncoding = undefined; lastKnownFileType = unknown; explicitFileType = undefined; includeInIndex = 0; };
		55C5F5C60D344AB8B97D4E76 /* Satoshi-Bold.ttf */ = {isa = PBXFileReference; name = "Satoshi-Bold.ttf"; path = "../src/assets/fonts/Satoshi-Bold.ttf"; sourceTree = "<group>"; fileEncoding = undefined; lastKnownFileType = unknown; explicitFileType = undefined; includeInIndex = 0; };
		7F08AB528BEA40E29175D6CD /* Satoshi-Black.ttf */ = {isa = PBXFileReference; name = "Satoshi-Black.ttf"; path = "../src/assets/fonts/Satoshi-Black.ttf"; sourceTree = "<group>"; fileEncoding = undefined; lastKnownFileType = unknown; explicitFileType = undefined; includeInIndex = 0; };
		8B0755C199DD4E42A49439EB /* Satoshi-Italic.ttf */ = {isa = PBXFileReference; name = "Satoshi-Italic.ttf"; path = "../src/assets/fonts/Satoshi-Italic.ttf"; sourceTree = "<group>"; fileEncoding = undefined; lastKnownFileType = unknown; explicitFileType = undefined; includeInIndex = 0; };
		65892CEC566B4271AD4C1546 /* Satoshi-Bold.woff */ = {isa = PBXFileReference; name = "Satoshi-Bold.woff"; path = "../src/assets/fonts/Satoshi-Bold.woff"; sourceTree = "<group>"; fileEncoding = undefined; lastKnownFileType = unknown; explicitFileType = undefined; includeInIndex = 0; };
		DD077C78FD064EA4B838A6BB /* Satoshi-Italic.woff */ = {isa = PBXFileReference; name = "Satoshi-Italic.woff"; path = "../src/assets/fonts/Satoshi-Italic.woff"; sourceTree = "<group>"; fileEncoding = undefined; lastKnownFileType = unknown; explicitFileType = undefined; includeInIndex = 0; };
		EA7D4F6520B9447A9C462665 /* Satoshi-Light.woff */ = {isa = PBXFileReference; name = "Satoshi-Light.woff"; path = "../src/assets/fonts/Satoshi-Light.woff"; sourceTree = "<group>"; fileEncoding = undefined; lastKnownFileType = unknown; explicitFileType = undefined; includeInIndex = 0; };
		89366BB98096464AA57CEEA2 /* Satoshi-Bold.woff2 */ = {isa = PBXFileReference; name = "Satoshi-Bold.woff2"; path = "../src/assets/fonts/Satoshi-Bold.woff2"; sourceTree = "<group>"; fileEncoding = undefined; lastKnownFileType = unknown; explicitFileType = undefined; includeInIndex = 0; };
		C249ECC53AF34BAE9F3026B9 /* Satoshi-Black.woff2 */ = {isa = PBXFileReference; name = "Satoshi-Black.woff2"; path = "../src/assets/fonts/Satoshi-Black.woff2"; sourceTree = "<group>"; fileEncoding = undefined; lastKnownFileType = unknown; explicitFileType = undefined; includeInIndex = 0; };
		41A4B4B68DE54A03B7622D8A /* Satoshi-Italic.woff2 */ = {isa = PBXFileReference; name = "Satoshi-Italic.woff2"; path = "../src/assets/fonts/Satoshi-Italic.woff2"; sourceTree = "<group>"; fileEncoding = undefined; lastKnownFileType = unknown; explicitFileType = undefined; includeInIndex = 0; };
		67A89295E6E947F490EA36A5 /* Satoshi-Light.woff2 */ = {isa = PBXFileReference; name = "Satoshi-Light.woff2"; path = "../src/assets/fonts/Satoshi-Light.woff2"; sourceTree = "<group>"; fileEncoding = undefined; lastKnownFileType = unknown; explicitFileType = undefined; includeInIndex = 0; };
		D498DD1D407A4102B8C2B1EE /* Satoshi-Medium.woff2 */ = {isa = PBXFileReference; name = "Satoshi-Medium.woff2"; path = "../src/assets/fonts/Satoshi-Medium.woff2"; sourceTree = "<group>"; fileEncoding = undefined; lastKnownFileType = unknown; explicitFileType = undefined; includeInIndex = 0; };
		7E652A2A343E4F85A709F1FE /* Satoshi-Variable.woff */ = {isa = PBXFileReference; name = "Satoshi-Variable.woff"; path = "../src/assets/fonts/Satoshi-Variable.woff"; sourceTree = "<group>"; fileEncoding = undefined; lastKnownFileType = unknown; explicitFileType = undefined; includeInIndex = 0; };
		1AB12B0683D5452090836AE5 /* Satoshi-Regular.woff2 */ = {isa = PBXFileReference; name = "Satoshi-Regular.woff2"; path = "../src/assets/fonts/Satoshi-Regular.woff2"; sourceTree = "<group>"; fileEncoding = undefined; lastKnownFileType = unknown; explicitFileType = undefined; includeInIndex = 0; };
		D789A952012B496899150E7F /* Satoshi-Black.woff */ = {isa = PBXFileReference; name = "Satoshi-Black.woff"; path = "../src/assets/fonts/Satoshi-Black.woff"; sourceTree = "<group>"; fileEncoding = undefined; lastKnownFileType = unknown; explicitFileType = undefined; includeInIndex = 0; };
		73E4AE1ED70F4EFA9B4B0A1C /* Satoshi-Variable.woff2 */ = {isa = PBXFileReference; name = "Satoshi-Variable.woff2"; path = "../src/assets/fonts/Satoshi-Variable.woff2"; sourceTree = "<group>"; fileEncoding = undefined; lastKnownFileType = unknown; explicitFileType = undefined; includeInIndex = 0; };
		F97239B33A714D6AA2FD5172 /* Satoshi-Regular.woff */ = {isa = PBXFileReference; name = "Satoshi-Regular.woff"; path = "../src/assets/fonts/Satoshi-Regular.woff"; sourceTree = "<group>"; fileEncoding = undefined; lastKnownFileType = unknown; explicitFileType = undefined; includeInIndex = 0; };
		605E8543CBF1400AA295C710 /* Satoshi-Medium.woff */ = {isa = PBXFileReference; name = "Satoshi-Medium.woff"; path = "../src/assets/fonts/Satoshi-Medium.woff"; sourceTree = "<group>"; fileEncoding = undefined; lastKnownFileType = unknown; explicitFileType = undefined; includeInIndex = 0; };
/* End PBXFileReference section */

/* Begin PBXFrameworksBuildPhase section */
		13B07F8C1A680F5B00A75B9A /* Frameworks */ = {
			isa = PBXFrameworksBuildPhase;
			buildActionMask = 2147483647;
			files = (
				0C80B921A6F3F58F76C31292 /* libPods-skyborne.a in Frameworks */,
			);
			runOnlyForDeploymentPostprocessing = 0;
		};
/* End PBXFrameworksBuildPhase section */

/* Begin PBXGroup section */
		13B07FAE1A68108700A75B9A /* skyborne */ = {
			isa = PBXGroup;
			children = (
				13B07FB51A68108700A75B9A /* Images.xcassets */,
				761780EC2CA45674006654EE /* AppDelegate.swift */,
				13B07FB61A68108700A75B9A /* Info.plist */,
				81AB9BB72411601600AC10FF /* LaunchScreen.storyboard */,
				13B07FB81A68108700A75B9A /* PrivacyInfo.xcprivacy */,
			);
			name = skyborne;
			sourceTree = "<group>";
		};
		2D16E6871FA4F8E400B85C8A /* Frameworks */ = {
			isa = PBXGroup;
			children = (
				ED297162215061F000B7C4FE /* JavaScriptCore.framework */,
				5DCACB8F33CDC322A6C60F78 /* libPods-skyborne.a */,
			);
			name = Frameworks;
			sourceTree = "<group>";
		};
		832341AE1AAA6A7D00B99B32 /* Libraries */ = {
			isa = PBXGroup;
			children = (
			);
			name = Libraries;
			sourceTree = "<group>";
		};
		83CBB9F61A601CBA00E9B192 = {
			isa = PBXGroup;
			children = (
				13B07FAE1A68108700A75B9A /* skyborne */,
				832341AE1AAA6A7D00B99B32 /* Libraries */,
				83CBBA001A601CBA00E9B192 /* Products */,
				2D16E6871FA4F8E400B85C8A /* Frameworks */,
				BBD78D7AC51CEA395F1C20DB /* Pods */,
				38223D1DB83F4A88852BE7BA /* Resources */,
			);
			indentWidth = 2;
			sourceTree = "<group>";
			tabWidth = 2;
			usesTabs = 0;
		};
		83CBBA001A601CBA00E9B192 /* Products */ = {
			isa = PBXGroup;
			children = (
				13B07F961A680F5B00A75B9A /* skyborne.app */,
			);
			name = Products;
			sourceTree = "<group>";
		};
		BBD78D7AC51CEA395F1C20DB /* Pods */ = {
			isa = PBXGroup;
			children = (
				3B4392A12AC88292D35C810B /* Pods-skyborne.debug.xcconfig */,
				5709B34CF0A7D63546082F79 /* Pods-skyborne.release.xcconfig */,
			);
			path = Pods;
			sourceTree = "<group>";
		};
		38223D1DB83F4A88852BE7BA /* Resources */ = {
			isa = "PBXGroup";
			children = (
				4309350F53B04DB5AAD5E04E /* Satoshi-Variable.ttf */,
				F65576DF5F7647B49A3A3A8C /* Satoshi-Regular.ttf */,
				765D4C422C1D490F882C4957 /* Satoshi-Medium.ttf */,
				952BFAFE0A484E2C8DC4DFDA /* Satoshi-Light.ttf */,
				55C5F5C60D344AB8B97D4E76 /* Satoshi-Bold.ttf */,
				7F08AB528BEA40E29175D6CD /* Satoshi-Black.ttf */,
				8B0755C199DD4E42A49439EB /* Satoshi-Italic.ttf */,
				65892CEC566B4271AD4C1546 /* Satoshi-Bold.woff */,
				DD077C78FD064EA4B838A6BB /* Satoshi-Italic.woff */,
				EA7D4F6520B9447A9C462665 /* Satoshi-Light.woff */,
				89366BB98096464AA57CEEA2 /* Satoshi-Bold.woff2 */,
				C249ECC53AF34BAE9F3026B9 /* Satoshi-Black.woff2 */,
				41A4B4B68DE54A03B7622D8A /* Satoshi-Italic.woff2 */,
				67A89295E6E947F490EA36A5 /* Satoshi-Light.woff2 */,
				D498DD1D407A4102B8C2B1EE /* Satoshi-Medium.woff2 */,
				7E652A2A343E4F85A709F1FE /* Satoshi-Variable.woff */,
				1AB12B0683D5452090836AE5 /* Satoshi-Regular.woff2 */,
				D789A952012B496899150E7F /* Satoshi-Black.woff */,
				73E4AE1ED70F4EFA9B4B0A1C /* Satoshi-Variable.woff2 */,
				F97239B33A714D6AA2FD5172 /* Satoshi-Regular.woff */,
				605E8543CBF1400AA295C710 /* Satoshi-Medium.woff */,
			);
			name = Resources;
			sourceTree = "<group>";
			path = "";
		};
/* End PBXGroup section */

/* Begin PBXNativeTarget section */
		13B07F861A680F5B00A75B9A /* skyborne */ = {
			isa = PBXNativeTarget;
			buildConfigurationList = 13B07F931A680F5B00A75B9A /* Build configuration list for PBXNativeTarget "skyborne" */;
			buildPhases = (
				C38B50BA6285516D6DCD4F65 /* [CP] Check Pods Manifest.lock */,
				13B07F871A680F5B00A75B9A /* Sources */,
				13B07F8C1A680F5B00A75B9A /* Frameworks */,
				13B07F8E1A680F5B00A75B9A /* Resources */,
				00DD1BFF1BD5951E006B06BC /* Bundle React Native code and images */,
				00EEFC60759A1932668264C0 /* [CP] Embed Pods Frameworks */,
				E235C05ADACE081382539298 /* [CP] Copy Pods Resources */,
			);
			buildRules = (
			);
			dependencies = (
			);
			name = skyborne;
			productName = skyborne;
			productReference = 13B07F961A680F5B00A75B9A /* skyborne.app */;
			productType = "com.apple.product-type.application";
		};
/* End PBXNativeTarget section */

/* Begin PBXProject section */
		83CBB9F71A601CBA00E9B192 /* Project object */ = {
			isa = PBXProject;
			attributes = {
				LastUpgradeCheck = 1210;
				TargetAttributes = {
					13B07F861A680F5B00A75B9A = {
						LastSwiftMigration = 1120;
					};
				};
			};
			buildConfigurationList = 83CBB9FA1A601CBA00E9B192 /* Build configuration list for PBXProject "skyborne" */;
			compatibilityVersion = "Xcode 12.0";
			developmentRegion = en;
			hasScannedForEncodings = 0;
			knownRegions = (
				en,
				Base,
			);
			mainGroup = 83CBB9F61A601CBA00E9B192;
			productRefGroup = 83CBBA001A601CBA00E9B192 /* Products */;
			projectDirPath = "";
			projectRoot = "";
			targets = (
				13B07F861A680F5B00A75B9A /* skyborne */,
			);
		};
/* End PBXProject section */

/* Begin PBXResourcesBuildPhase section */
		13B07F8E1A680F5B00A75B9A /* Resources */ = {
			isa = PBXResourcesBuildPhase;
			buildActionMask = 2147483647;
			files = (
				81AB9BB82411601600AC10FF /* LaunchScreen.storyboard in Resources */,
				13B07FBF1A68108700A75B9A /* Images.xcassets in Resources */,
				AFC2211ABAA040B5A257AB48 /* Satoshi-Variable.ttf in Resources */,
				905A2EC6E584455DB5825D13 /* Satoshi-Regular.ttf in Resources */,
				A19E9EB855A540AC8BCE210C /* Satoshi-Medium.ttf in Resources */,
				4C039696A2BF4F4298ACF755 /* Satoshi-Light.ttf in Resources */,
				7FD5DB5118D3450588AD1E0E /* Satoshi-Bold.ttf in Resources */,
				F342A16749844A958C72D176 /* Satoshi-Black.ttf in Resources */,
				26773D888B204FF68E6755D5 /* Satoshi-Italic.ttf in Resources */,
				222B4D7551CA451F9CE19A95 /* Satoshi-Bold.woff in Resources */,
				F6D9F6CF3D5049109C6FF55B /* Satoshi-Italic.woff in Resources */,
				5A563B37AA3540D787FFA241 /* Satoshi-Light.woff in Resources */,
				00619DD4FF874D07820D2830 /* Satoshi-Bold.woff2 in Resources */,
				7B3E934827BF4C039E065A4E /* Satoshi-Black.woff2 in Resources */,
				4E76245E5890462CA98A5DC9 /* Satoshi-Italic.woff2 in Resources */,
				0900A96127904C279D49EEA7 /* Satoshi-Light.woff2 in Resources */,
				3AAAB92A5E0F46529A261B2F /* Satoshi-Medium.woff2 in Resources */,
				1A8B3EF5C00E4AD5BB217999 /* Satoshi-Variable.woff in Resources */,
				1E78531624974130976F52B0 /* Satoshi-Regular.woff2 in Resources */,
				FA49C6DC9DFE4E14A13196AB /* Satoshi-Black.woff in Resources */,
				C6DCCC3E38324AE188A72D05 /* Satoshi-Variable.woff2 in Resources */,
				58C993B2B5EB499A9AE2FC69 /* Satoshi-Regular.woff in Resources */,
				4F717A53DC314E37BA4B6093 /* Satoshi-Medium.woff in Resources */,
			);
			runOnlyForDeploymentPostprocessing = 0;
		};
/* End PBXResourcesBuildPhase section */

/* Begin PBXShellScriptBuildPhase section */
		00DD1BFF1BD5951E006B06BC /* Bundle React Native code and images */ = {
			isa = PBXShellScriptBuildPhase;
			buildActionMask = 2147483647;
			files = (
			);
			inputPaths = (
				"$(SRCROOT)/.xcode.env.local",
				"$(SRCROOT)/.xcode.env",
			);
			name = "Bundle React Native code and images";
			outputPaths = (
			);
			runOnlyForDeploymentPostprocessing = 0;
			shellPath = /bin/sh;
			shellScript = "set -e\n\nWITH_ENVIRONMENT=\"$REACT_NATIVE_PATH/scripts/xcode/with-environment.sh\"\nREACT_NATIVE_XCODE=\"$REACT_NATIVE_PATH/scripts/react-native-xcode.sh\"\n\n/bin/sh -c \"\\\"$WITH_ENVIRONMENT\\\" \\\"$REACT_NATIVE_XCODE\\\"\"\n";
		};
		00EEFC60759A1932668264C0 /* [CP] Embed Pods Frameworks */ = {
			isa = PBXShellScriptBuildPhase;
			buildActionMask = 2147483647;
			files = (
			);
			inputFileListPaths = (
				"${PODS_ROOT}/Target Support Files/Pods-skyborne/Pods-skyborne-frameworks-${CONFIGURATION}-input-files.xcfilelist",
			);
			name = "[CP] Embed Pods Frameworks";
			outputFileListPaths = (
				"${PODS_ROOT}/Target Support Files/Pods-skyborne/Pods-skyborne-frameworks-${CONFIGURATION}-output-files.xcfilelist",
			);
			runOnlyForDeploymentPostprocessing = 0;
			shellPath = /bin/sh;
			shellScript = "\"${PODS_ROOT}/Target Support Files/Pods-skyborne/Pods-skyborne-frameworks.sh\"\n";
			showEnvVarsInLog = 0;
		};
		C38B50BA6285516D6DCD4F65 /* [CP] Check Pods Manifest.lock */ = {
			isa = PBXShellScriptBuildPhase;
			buildActionMask = 2147483647;
			files = (
			);
			inputFileListPaths = (
			);
			inputPaths = (
				"${PODS_PODFILE_DIR_PATH}/Podfile.lock",
				"${PODS_ROOT}/Manifest.lock",
			);
			name = "[CP] Check Pods Manifest.lock";
			outputFileListPaths = (
			);
			outputPaths = (
				"$(DERIVED_FILE_DIR)/Pods-skyborne-checkManifestLockResult.txt",
			);
			runOnlyForDeploymentPostprocessing = 0;
			shellPath = /bin/sh;
			shellScript = "diff \"${PODS_PODFILE_DIR_PATH}/Podfile.lock\" \"${PODS_ROOT}/Manifest.lock\" > /dev/null\nif [ $? != 0 ] ; then\n    # print error to STDERR\n    echo \"error: The sandbox is not in sync with the Podfile.lock. Run 'pod install' or update your CocoaPods installation.\" >&2\n    exit 1\nfi\n# This output is used by Xcode 'outputs' to avoid re-running this script phase.\necho \"SUCCESS\" > \"${SCRIPT_OUTPUT_FILE_0}\"\n";
			showEnvVarsInLog = 0;
		};
		E235C05ADACE081382539298 /* [CP] Copy Pods Resources */ = {
			isa = PBXShellScriptBuildPhase;
			buildActionMask = 2147483647;
			files = (
			);
			inputFileListPaths = (
				"${PODS_ROOT}/Target Support Files/Pods-skyborne/Pods-skyborne-resources-${CONFIGURATION}-input-files.xcfilelist",
			);
			name = "[CP] Copy Pods Resources";
			outputFileListPaths = (
				"${PODS_ROOT}/Target Support Files/Pods-skyborne/Pods-skyborne-resources-${CONFIGURATION}-output-files.xcfilelist",
			);
			runOnlyForDeploymentPostprocessing = 0;
			shellPath = /bin/sh;
			shellScript = "\"${PODS_ROOT}/Target Support Files/Pods-skyborne/Pods-skyborne-resources.sh\"\n";
			showEnvVarsInLog = 0;
		};
/* End PBXShellScriptBuildPhase section */

/* Begin PBXSourcesBuildPhase section */
		13B07F871A680F5B00A75B9A /* Sources */ = {
			isa = PBXSourcesBuildPhase;
			buildActionMask = 2147483647;
			files = (
				761780ED2CA45674006654EE /* AppDelegate.swift in Sources */,
			);
			runOnlyForDeploymentPostprocessing = 0;
		};
/* End PBXSourcesBuildPhase section */

/* Begin XCBuildConfiguration section */
		13B07F941A680F5B00A75B9A /* Debug */ = {
			isa = XCBuildConfiguration;
			baseConfigurationReference = 3B4392A12AC88292D35C810B /* Pods-skyborne.debug.xcconfig */;
			buildSettings = {
				ASSETCATALOG_COMPILER_APPICON_NAME = AppIcon;
				CLANG_ENABLE_MODULES = YES;
				CURRENT_PROJECT_VERSION = 1;
				ENABLE_BITCODE = NO;
				INFOPLIST_FILE = skyborne/Info.plist;
				IPHONEOS_DEPLOYMENT_TARGET = 15.1;
				LD_RUNPATH_SEARCH_PATHS = (
					"$(inherited)",
					"@executable_path/Frameworks",
				);
				MARKETING_VERSION = 1.0;
				OTHER_LDFLAGS = (
					"$(inherited)",
					"-ObjC",
					"-lc++",
				);
				PRODUCT_BUNDLE_IDENTIFIER = "org.reactjs.native.example.$(PRODUCT_NAME:rfc1034identifier)";
				PRODUCT_NAME = skyborne;
				SWIFT_OPTIMIZATION_LEVEL = "-Onone";
				SWIFT_VERSION = 5.0;
				VERSIONING_SYSTEM = "apple-generic";
			};
			name = Debug;
		};
		13B07F951A680F5B00A75B9A /* Release */ = {
			isa = XCBuildConfiguration;
			baseConfigurationReference = 5709B34CF0A7D63546082F79 /* Pods-skyborne.release.xcconfig */;
			buildSettings = {
				ASSETCATALOG_COMPILER_APPICON_NAME = AppIcon;
				CLANG_ENABLE_MODULES = YES;
				CURRENT_PROJECT_VERSION = 1;
				INFOPLIST_FILE = skyborne/Info.plist;
				IPHONEOS_DEPLOYMENT_TARGET = 15.1;
				LD_RUNPATH_SEARCH_PATHS = (
					"$(inherited)",
					"@executable_path/Frameworks",
				);
				MARKETING_VERSION = 1.0;
				OTHER_LDFLAGS = (
					"$(inherited)",
					"-ObjC",
					"-lc++",
				);
				PRODUCT_BUNDLE_IDENTIFIER = "org.reactjs.native.example.$(PRODUCT_NAME:rfc1034identifier)";
				PRODUCT_NAME = skyborne;
				SWIFT_VERSION = 5.0;
				VERSIONING_SYSTEM = "apple-generic";
			};
			name = Release;
		};
		83CBBA201A601CBA00E9B192 /* Debug */ = {
			isa = XCBuildConfiguration;
			buildSettings = {
				ALWAYS_SEARCH_USER_PATHS = NO;
				CLANG_ANALYZER_LOCALIZABILITY_NONLOCALIZED = YES;
				CLANG_CXX_LANGUAGE_STANDARD = "c++20";
				CLANG_CXX_LIBRARY = "libc++";
				CLANG_ENABLE_MODULES = YES;
				CLANG_ENABLE_OBJC_ARC = YES;
				CLANG_WARN_BLOCK_CAPTURE_AUTORELEASING = YES;
				CLANG_WARN_BOOL_CONVERSION = YES;
				CLANG_WARN_COMMA = YES;
				CLANG_WARN_CONSTANT_CONVERSION = YES;
				CLANG_WARN_DEPRECATED_OBJC_IMPLEMENTATIONS = YES;
				CLANG_WARN_DIRECT_OBJC_ISA_USAGE = YES_ERROR;
				CLANG_WARN_EMPTY_BODY = YES;
				CLANG_WARN_ENUM_CONVERSION = YES;
				CLANG_WARN_INFINITE_RECURSION = YES;
				CLANG_WARN_INT_CONVERSION = YES;
				CLANG_WARN_NON_LITERAL_NULL_CONVERSION = YES;
				CLANG_WARN_OBJC_IMPLICIT_RETAIN_SELF = YES;
				CLANG_WARN_OBJC_LITERAL_CONVERSION = YES;
				CLANG_WARN_OBJC_ROOT_CLASS = YES_ERROR;
				CLANG_WARN_QUOTED_INCLUDE_IN_FRAMEWORK_HEADER = YES;
				CLANG_WARN_RANGE_LOOP_ANALYSIS = YES;
				CLANG_WARN_STRICT_PROTOTYPES = YES;
				CLANG_WARN_SUSPICIOUS_MOVE = YES;
				CLANG_WARN_UNREACHABLE_CODE = YES;
				CLANG_WARN__DUPLICATE_METHOD_MATCH = YES;
				"CODE_SIGN_IDENTITY[sdk=iphoneos*]" = "iPhone Developer";
				COPY_PHASE_STRIP = NO;
				ENABLE_STRICT_OBJC_MSGSEND = YES;
				ENABLE_TESTABILITY = YES;
				"EXCLUDED_ARCHS[sdk=iphonesimulator*]" = "";
				GCC_C_LANGUAGE_STANDARD = gnu99;
				GCC_DYNAMIC_NO_PIC = NO;
				GCC_NO_COMMON_BLOCKS = YES;
				GCC_OPTIMIZATION_LEVEL = 0;
				GCC_PREPROCESSOR_DEFINITIONS = (
					"DEBUG=1",
					"$(inherited)",
				);
				GCC_SYMBOLS_PRIVATE_EXTERN = NO;
				GCC_WARN_64_TO_32_BIT_CONVERSION = YES;
				GCC_WARN_ABOUT_RETURN_TYPE = YES_ERROR;
				GCC_WARN_UNDECLARED_SELECTOR = YES;
				GCC_WARN_UNINITIALIZED_AUTOS = YES_AGGRESSIVE;
				GCC_WARN_UNUSED_FUNCTION = YES;
				GCC_WARN_UNUSED_VARIABLE = YES;
				IPHONEOS_DEPLOYMENT_TARGET = 15.1;
				LD_RUNPATH_SEARCH_PATHS = (
					/usr/lib/swift,
					"$(inherited)",
				);
				LIBRARY_SEARCH_PATHS = (
					"\"$(SDKROOT)/usr/lib/swift\"",
					"\"$(TOOLCHAIN_DIR)/usr/lib/swift/$(PLATFORM_NAME)\"",
					"\"$(inherited)\"",
				);
				MTL_ENABLE_DEBUG_INFO = YES;
				ONLY_ACTIVE_ARCH = YES;
				OTHER_CPLUSPLUSFLAGS = (
					"$(OTHER_CFLAGS)",
					"-DFOLLY_NO_CONFIG",
					"-DFOLLY_MOBILE=1",
					"-DFOLLY_USE_LIBCPP=1",
					"-DFOLLY_CFG_NO_COROUTINES=1",
					"-DFOLLY_HAVE_CLOCK_GETTIME=1",
				);
				SDKROOT = iphoneos;
			};
			name = Debug;
		};
		83CBBA211A601CBA00E9B192 /* Release */ = {
			isa = XCBuildConfiguration;
			buildSettings = {
				ALWAYS_SEARCH_USER_PATHS = NO;
				CLANG_ANALYZER_LOCALIZABILITY_NONLOCALIZED = YES;
				CLANG_CXX_LANGUAGE_STANDARD = "c++20";
				CLANG_CXX_LIBRARY = "libc++";
				CLANG_ENABLE_MODULES = YES;
				CLANG_ENABLE_OBJC_ARC = YES;
				CLANG_WARN_BLOCK_CAPTURE_AUTORELEASING = YES;
				CLANG_WARN_BOOL_CONVERSION = YES;
				CLANG_WARN_COMMA = YES;
				CLANG_WARN_CONSTANT_CONVERSION = YES;
				CLANG_WARN_DEPRECATED_OBJC_IMPLEMENTATIONS = YES;
				CLANG_WARN_DIRECT_OBJC_ISA_USAGE = YES_ERROR;
				CLANG_WARN_EMPTY_BODY = YES;
				CLANG_WARN_ENUM_CONVERSION = YES;
				CLANG_WARN_INFINITE_RECURSION = YES;
				CLANG_WARN_INT_CONVERSION = YES;
				CLANG_WARN_NON_LITERAL_NULL_CONVERSION = YES;
				CLANG_WARN_OBJC_IMPLICIT_RETAIN_SELF = YES;
				CLANG_WARN_OBJC_LITERAL_CONVERSION = YES;
				CLANG_WARN_OBJC_ROOT_CLASS = YES_ERROR;
				CLANG_WARN_QUOTED_INCLUDE_IN_FRAMEWORK_HEADER = YES;
				CLANG_WARN_RANGE_LOOP_ANALYSIS = YES;
				CLANG_WARN_STRICT_PROTOTYPES = YES;
				CLANG_WARN_SUSPICIOUS_MOVE = YES;
				CLANG_WARN_UNREACHABLE_CODE = YES;
				CLANG_WARN__DUPLICATE_METHOD_MATCH = YES;
				"CODE_SIGN_IDENTITY[sdk=iphoneos*]" = "iPhone Developer";
				COPY_PHASE_STRIP = YES;
				ENABLE_NS_ASSERTIONS = NO;
				ENABLE_STRICT_OBJC_MSGSEND = YES;
				"EXCLUDED_ARCHS[sdk=iphonesimulator*]" = "";
				GCC_C_LANGUAGE_STANDARD = gnu99;
				GCC_NO_COMMON_BLOCKS = YES;
				GCC_WARN_64_TO_32_BIT_CONVERSION = YES;
				GCC_WARN_ABOUT_RETURN_TYPE = YES_ERROR;
				GCC_WARN_UNDECLARED_SELECTOR = YES;
				GCC_WARN_UNINITIALIZED_AUTOS = YES_AGGRESSIVE;
				GCC_WARN_UNUSED_FUNCTION = YES;
				GCC_WARN_UNUSED_VARIABLE = YES;
				IPHONEOS_DEPLOYMENT_TARGET = 15.1;
				LD_RUNPATH_SEARCH_PATHS = (
					/usr/lib/swift,
					"$(inherited)",
				);
				LIBRARY_SEARCH_PATHS = (
					"\"$(SDKROOT)/usr/lib/swift\"",
					"\"$(TOOLCHAIN_DIR)/usr/lib/swift/$(PLATFORM_NAME)\"",
					"\"$(inherited)\"",
				);
				MTL_ENABLE_DEBUG_INFO = NO;
				OTHER_CPLUSPLUSFLAGS = (
					"$(OTHER_CFLAGS)",
					"-DFOLLY_NO_CONFIG",
					"-DFOLLY_MOBILE=1",
					"-DFOLLY_USE_LIBCPP=1",
					"-DFOLLY_CFG_NO_COROUTINES=1",
					"-DFOLLY_HAVE_CLOCK_GETTIME=1",
				);
				SDKROOT = iphoneos;
				VALIDATE_PRODUCT = YES;
			};
			name = Release;
		};
/* End XCBuildConfiguration section */

/* Begin XCConfigurationList section */
		13B07F931A680F5B00A75B9A /* Build configuration list for PBXNativeTarget "skyborne" */ = {
			isa = XCConfigurationList;
			buildConfigurations = (
				13B07F941A680F5B00A75B9A /* Debug */,
				13B07F951A680F5B00A75B9A /* Release */,
			);
			defaultConfigurationIsVisible = 0;
			defaultConfigurationName = Release;
		};
		83CBB9FA1A601CBA00E9B192 /* Build configuration list for PBXProject "skyborne" */ = {
			isa = XCConfigurationList;
			buildConfigurations = (
				83CBBA201A601CBA00E9B192 /* Debug */,
				83CBBA211A601CBA00E9B192 /* Release */,
			);
			defaultConfigurationIsVisible = 0;
			defaultConfigurationName = Release;
		};
/* End XCConfigurationList section */
	};
	rootObject = 83CBB9F71A601CBA00E9B192 /* Project object */;
}
